
Microsoft Visual Studio Solution File, Format Version 12.00
# Visual Studio 15
VisualStudioVersion = 15.0.27130.2036
MinimumVisualStudioVersion = 10.0.40219.1
Project("{2150E333-8FDC-42A3-9474-1A3956D46DE8}") = "Solution Items", "Solution Items", "{8289AFAE-0933-40EF-9D19-6FFA2DB04837}"
	ProjectSection(SolutionItems) = preProject
		.editorconfig = .editorconfig
	EndProjectSection
EndProject
Project("{2150E333-8FDC-42A3-9474-1A3956D46DE8}") = "src", "src", "{9AB5C4C4-4083-47EB-BCF8-3E1B14DEBA94}"
EndProject
Project("{9A19103F-16F7-4668-BE54-9A1E7A4F7556}") = "Microsoft.Azure.IIoT.OpcUa.Services.Vault.App", "src\Microsoft.Azure.IIoT.OpcUa.Services.Vault.App.csproj", "{C9397DC6-75C2-4E8B-8411-17801C25CED3}"
EndProject
Global
	GlobalSection(SolutionConfigurationPlatforms) = preSolution
		Debug|Any CPU = Debug|Any CPU
		Develop|Any CPU = Develop|Any CPU
		Release|Any CPU = Release|Any CPU
	EndGlobalSection
	GlobalSection(ProjectConfigurationPlatforms) = postSolution
		{C9397DC6-75C2-4E8B-8411-17801C25CED3}.Debug|Any CPU.ActiveCfg = Debug|Any CPU
		{C9397DC6-75C2-4E8B-8411-17801C25CED3}.Debug|Any CPU.Build.0 = Debug|Any CPU
		{C9397DC6-75C2-4E8B-8411-17801C25CED3}.Develop|Any CPU.ActiveCfg = Develop|Any CPU
		{C9397DC6-75C2-4E8B-8411-17801C25CED3}.Develop|Any CPU.Build.0 = Develop|Any CPU
		{C9397DC6-75C2-4E8B-8411-17801C25CED3}.Release|Any CPU.ActiveCfg = Release|Any CPU
		{C9397DC6-75C2-4E8B-8411-17801C25CED3}.Release|Any CPU.Build.0 = Release|Any CPU
	EndGlobalSection
	GlobalSection(SolutionProperties) = preSolution
		HideSolutionNode = FALSE
	EndGlobalSection
	GlobalSection(NestedProjects) = preSolution
		{C9397DC6-75C2-4E8B-8411-17801C25CED3} = {9AB5C4C4-4083-47EB-BCF8-3E1B14DEBA94}
	EndGlobalSection
	GlobalSection(ExtensibilityGlobals) = postSolution
		SolutionGuid = {F947AAE7-2D6B-43C0-B5E6-824B8E4D7992}
	EndGlobalSection
EndGlobal
